
Microsoft Visual Studio Solution File, Format Version 12.00
# Visual Studio Version 16
VisualStudioVersion = 16.0.28711.60
MinimumVisualStudioVersion = 10.0.40219.1
Project("{9A19103F-16F7-4668-BE54-9A1E7A4F7556}") = "Cave.FtpServer", "Cave.FtpServer\Cave.FtpServer.csproj", "{F022FC06-5A0D-45ED-AA30-209FBB16C21D}"
EndProject
Global
	GlobalSection(SolutionConfigurationPlatforms) = preSolution
		Debug|Any CPU = Debug|Any CPU
		Release|Any CPU = Release|Any CPU
	EndGlobalSection
	GlobalSection(ProjectConfigurationPlatforms) = postSolution
		{F022FC06-5A0D-45ED-AA30-209FBB16C21D}.Debug|Any CPU.ActiveCfg = Debug|Any CPU
		{F022FC06-5A0D-45ED-AA30-209FBB16C21D}.Debug|Any CPU.Build.0 = Debug|Any CPU
		{F022FC06-5A0D-45ED-AA30-209FBB16C21D}.Release|Any CPU.ActiveCfg = Release|Any CPU
		{F022FC06-5A0D-45ED-AA30-209FBB16C21D}.Release|Any CPU.Build.0 = Release|Any CPU
	EndGlobalSection
	GlobalSection(SolutionProperties) = preSolution
		HideSolutionNode = FALSE
	EndGlobalSection
	GlobalSection(ExtensibilityGlobals) = postSolution
		SolutionGuid = {E9CD2605-373D-40BE-AFE7-2EE1C2CDB432}
	EndGlobalSection
EndGlobal
